
Microsoft Visual Studio Solution File, Format Version 12.00
# Visual Studio Version 17
VisualStudioVersion = 17.7.34024.191
MinimumVisualStudioVersion = 10.0.40219.1
Project("{FAE04EC0-301F-11D3-BF4B-00C04F79EFBC}") = "ConsoleApp1", "ConsoleApp1.csproj", "{B25D8262-EEBD-49DD-89FD-3BDB4ED85AB4}"
EndProject
Global
	GlobalSection(SolutionConfigurationPlatforms) = preSolution
		Debug|Any CPU = Debug|Any CPU
		Release|Any CPU = Release|Any CPU
	EndGlobalSection
	GlobalSection(ProjectConfigurationPlatforms) = postSolution
		{B25D8262-EEBD-49DD-89FD-3BDB4ED85AB4}.Debug|Any CPU.ActiveCfg = Debug|Any CPU
		{B25D8262-EEBD-49DD-89FD-3BDB4ED85AB4}.Debug|Any CPU.Build.0 = Debug|Any CPU
		{B25D8262-EEBD-49DD-89FD-3BDB4ED85AB4}.Release|Any CPU.ActiveCfg = Release|Any CPU
		{B25D8262-EEBD-49DD-89FD-3BDB4ED85AB4}.Release|Any CPU.Build.0 = Release|Any CPU
	EndGlobalSection
	GlobalSection(SolutionProperties) = preSolution
		HideSolutionNode = FALSE
	EndGlobalSection
	GlobalSection(ExtensibilityGlobals) = postSolution
		SolutionGuid = {4E2A7CEB-AABC-48D3-8629-D7C357AC5CAB}
	EndGlobalSection
EndGlobal
